{
    "version": 3,
    "terraform_version": "0.12.31",
    "serial": 1,
    "lineage": "b4e603fb-98cd-5b59-8c18-26201055f597",
    "modules": [
        {
            "path": [
                "root"
            ],
            "outputs": {
                "aws_subnet_tfer--subnet-01a84979be17b1c4e_id": {
                    "sensitive": false,
                    "type": "string",
                    "value": "subnet-01a84979be17b1c4e"
                },
                "aws_subnet_tfer--subnet-02553d65232c646ec_id": {
                    "sensitive": false,
                    "type": "string",
                    "value": "subnet-02553d65232c646ec"
                },
                "aws_subnet_tfer--subnet-07e44e47643c99518_id": {
                    "sensitive": false,
                    "type": "string",
                    "value": "subnet-07e44e47643c99518"
                },
                "aws_subnet_tfer--subnet-08813ee742f076555_id": {
                    "sensitive": false,
                    "type": "string",
                    "value": "subnet-08813ee742f076555"
                },
                "aws_subnet_tfer--subnet-0a8e9c13f0907cf75_id": {
                    "sensitive": false,
                    "type": "string",
                    "value": "subnet-0a8e9c13f0907cf75"
                },
                "aws_subnet_tfer--subnet-0a9ead7049f1bae6c_id": {
                    "sensitive": false,
                    "type": "string",
                    "value": "subnet-0a9ead7049f1bae6c"
                },
                "aws_subnet_tfer--subnet-0d3a5168ece873627_id": {
                    "sensitive": false,
                    "type": "string",
                    "value": "subnet-0d3a5168ece873627"
                }
            },
            "resources": {
                "aws_subnet.tfer--subnet-01a84979be17b1c4e": {
                    "type": "aws_subnet",
                    "depends_on": [],
                    "primary": {
                        "id": "subnet-01a84979be17b1c4e",
                        "attributes": {
                            "arn": "arn:aws:ec2:us-east-1:544474105217:subnet/subnet-01a84979be17b1c4e",
                            "assign_ipv6_address_on_creation": "false",
                            "availability_zone": "us-east-1d",
                            "availability_zone_id": "use1-az6",
                            "cidr_block": "172.31.32.0/20",
                            "customer_owned_ipv4_pool": "",
                            "enable_dns64": "false",
                            "enable_lni_at_device_index": "0",
                            "enable_resource_name_dns_a_record_on_launch": "false",
                            "enable_resource_name_dns_aaaa_record_on_launch": "false",
                            "id": "subnet-01a84979be17b1c4e",
                            "ipv6_cidr_block": "",
                            "ipv6_cidr_block_association_id": "",
                            "ipv6_native": "false",
                            "map_customer_owned_ip_on_launch": "false",
                            "map_public_ip_on_launch": "true",
                            "outpost_arn": "",
                            "owner_id": "544474105217",
                            "private_dns_hostname_type_on_launch": "ip-name",
                            "region": "us-east-1",
                            "tags.%": "0",
                            "tags_all.%": "0",
                            "vpc_id": "vpc-0d6abae348aa13541"
                        },
                        "meta": {
                            "schema_version": 1
                        },
                        "tainted": false
                    },
                    "deposed": [],
                    "provider": "provider.aws"
                },
                "aws_subnet.tfer--subnet-02553d65232c646ec": {
                    "type": "aws_subnet",
                    "depends_on": [],
                    "primary": {
                        "id": "subnet-02553d65232c646ec",
                        "attributes": {
                            "arn": "arn:aws:ec2:us-east-1:544474105217:subnet/subnet-02553d65232c646ec",
                            "assign_ipv6_address_on_creation": "false",
                            "availability_zone": "us-east-1a",
                            "availability_zone_id": "use1-az1",
                            "cidr_block": "172.31.0.0/20",
                            "customer_owned_ipv4_pool": "",
                            "enable_dns64": "false",
                            "enable_lni_at_device_index": "0",
                            "enable_resource_name_dns_a_record_on_launch": "false",
                            "enable_resource_name_dns_aaaa_record_on_launch": "false",
                            "id": "subnet-02553d65232c646ec",
                            "ipv6_cidr_block": "",
                            "ipv6_cidr_block_association_id": "",
                            "ipv6_native": "false",
                            "map_customer_owned_ip_on_launch": "false",
                            "map_public_ip_on_launch": "true",
                            "outpost_arn": "",
                            "owner_id": "544474105217",
                            "private_dns_hostname_type_on_launch": "ip-name",
                            "region": "us-east-1",
                            "tags.%": "0",
                            "tags_all.%": "0",
                            "vpc_id": "vpc-0d6abae348aa13541"
                        },
                        "meta": {
                            "schema_version": 1
                        },
                        "tainted": false
                    },
                    "deposed": [],
                    "provider": "provider.aws"
                },
                "aws_subnet.tfer--subnet-07e44e47643c99518": {
                    "type": "aws_subnet",
                    "depends_on": [],
                    "primary": {
                        "id": "subnet-07e44e47643c99518",
                        "attributes": {
                            "arn": "arn:aws:ec2:us-east-1:544474105217:subnet/subnet-07e44e47643c99518",
                            "assign_ipv6_address_on_creation": "false",
                            "availability_zone": "us-east-1b",
                            "availability_zone_id": "use1-az2",
                            "cidr_block": "10.0.1.0/24",
                            "customer_owned_ipv4_pool": "",
                            "enable_dns64": "false",
                            "enable_lni_at_device_index": "0",
                            "enable_resource_name_dns_a_record_on_launch": "false",
                            "enable_resource_name_dns_aaaa_record_on_launch": "false",
                            "id": "subnet-07e44e47643c99518",
                            "ipv6_cidr_block": "",
                            "ipv6_cidr_block_association_id": "",
                            "ipv6_native": "false",
                            "map_customer_owned_ip_on_launch": "false",
                            "map_public_ip_on_launch": "true",
                            "outpost_arn": "",
                            "owner_id": "544474105217",
                            "private_dns_hostname_type_on_launch": "ip-name",
                            "region": "us-east-1",
                            "tags.%": "0",
                            "tags_all.%": "0",
                            "vpc_id": "vpc-0b530d7af19ffa635"
                        },
                        "meta": {
                            "schema_version": 1
                        },
                        "tainted": false
                    },
                    "deposed": [],
                    "provider": "provider.aws"
                },
                "aws_subnet.tfer--subnet-08813ee742f076555": {
                    "type": "aws_subnet",
                    "depends_on": [],
                    "primary": {
                        "id": "subnet-08813ee742f076555",
                        "attributes": {
                            "arn": "arn:aws:ec2:us-east-1:544474105217:subnet/subnet-08813ee742f076555",
                            "assign_ipv6_address_on_creation": "false",
                            "availability_zone": "us-east-1e",
                            "availability_zone_id": "use1-az3",
                            "cidr_block": "172.31.48.0/20",
                            "customer_owned_ipv4_pool": "",
                            "enable_dns64": "false",
                            "enable_lni_at_device_index": "0",
                            "enable_resource_name_dns_a_record_on_launch": "false",
                            "enable_resource_name_dns_aaaa_record_on_launch": "false",
                            "id": "subnet-08813ee742f076555",
                            "ipv6_cidr_block": "",
                            "ipv6_cidr_block_association_id": "",
                            "ipv6_native": "false",
                            "map_customer_owned_ip_on_launch": "false",
                            "map_public_ip_on_launch": "true",
                            "outpost_arn": "",
                            "owner_id": "544474105217",
                            "private_dns_hostname_type_on_launch": "ip-name",
                            "region": "us-east-1",
                            "tags.%": "0",
                            "tags_all.%": "0",
                            "vpc_id": "vpc-0d6abae348aa13541"
                        },
                        "meta": {
                            "schema_version": 1
                        },
                        "tainted": false
                    },
                    "deposed": [],
                    "provider": "provider.aws"
                },
                "aws_subnet.tfer--subnet-0a8e9c13f0907cf75": {
                    "type": "aws_subnet",
                    "depends_on": [],
                    "primary": {
                        "id": "subnet-0a8e9c13f0907cf75",
                        "attributes": {
                            "arn": "arn:aws:ec2:us-east-1:544474105217:subnet/subnet-0a8e9c13f0907cf75",
                            "assign_ipv6_address_on_creation": "false",
                            "availability_zone": "us-east-1b",
                            "availability_zone_id": "use1-az2",
                            "cidr_block": "172.31.80.0/20",
                            "customer_owned_ipv4_pool": "",
                            "enable_dns64": "false",
                            "enable_lni_at_device_index": "0",
                            "enable_resource_name_dns_a_record_on_launch": "false",
                            "enable_resource_name_dns_aaaa_record_on_launch": "false",
                            "id": "subnet-0a8e9c13f0907cf75",
                            "ipv6_cidr_block": "",
                            "ipv6_cidr_block_association_id": "",
                            "ipv6_native": "false",
                            "map_customer_owned_ip_on_launch": "false",
                            "map_public_ip_on_launch": "true",
                            "outpost_arn": "",
                            "owner_id": "544474105217",
                            "private_dns_hostname_type_on_launch": "ip-name",
                            "region": "us-east-1",
                            "tags.%": "0",
                            "tags_all.%": "0",
                            "vpc_id": "vpc-0d6abae348aa13541"
                        },
                        "meta": {
                            "schema_version": 1
                        },
                        "tainted": false
                    },
                    "deposed": [],
                    "provider": "provider.aws"
                },
                "aws_subnet.tfer--subnet-0a9ead7049f1bae6c": {
                    "type": "aws_subnet",
                    "depends_on": [],
                    "primary": {
                        "id": "subnet-0a9ead7049f1bae6c",
                        "attributes": {
                            "arn": "arn:aws:ec2:us-east-1:544474105217:subnet/subnet-0a9ead7049f1bae6c",
                            "assign_ipv6_address_on_creation": "false",
                            "availability_zone": "us-east-1f",
                            "availability_zone_id": "use1-az5",
                            "cidr_block": "172.31.64.0/20",
                            "customer_owned_ipv4_pool": "",
                            "enable_dns64": "false",
                            "enable_lni_at_device_index": "0",
                            "enable_resource_name_dns_a_record_on_launch": "false",
                            "enable_resource_name_dns_aaaa_record_on_launch": "false",
                            "id": "subnet-0a9ead7049f1bae6c",
                            "ipv6_cidr_block": "",
                            "ipv6_cidr_block_association_id": "",
                            "ipv6_native": "false",
                            "map_customer_owned_ip_on_launch": "false",
                            "map_public_ip_on_launch": "true",
                            "outpost_arn": "",
                            "owner_id": "544474105217",
                            "private_dns_hostname_type_on_launch": "ip-name",
                            "region": "us-east-1",
                            "tags.%": "0",
                            "tags_all.%": "0",
                            "vpc_id": "vpc-0d6abae348aa13541"
                        },
                        "meta": {
                            "schema_version": 1
                        },
                        "tainted": false
                    },
                    "deposed": [],
                    "provider": "provider.aws"
                },
                "aws_subnet.tfer--subnet-0d3a5168ece873627": {
                    "type": "aws_subnet",
                    "depends_on": [],
                    "primary": {
                        "id": "subnet-0d3a5168ece873627",
                        "attributes": {
                            "arn": "arn:aws:ec2:us-east-1:544474105217:subnet/subnet-0d3a5168ece873627",
                            "assign_ipv6_address_on_creation": "false",
                            "availability_zone": "us-east-1c",
                            "availability_zone_id": "use1-az4",
                            "cidr_block": "172.31.16.0/20",
                            "customer_owned_ipv4_pool": "",
                            "enable_dns64": "false",
                            "enable_lni_at_device_index": "0",
                            "enable_resource_name_dns_a_record_on_launch": "false",
                            "enable_resource_name_dns_aaaa_record_on_launch": "false",
                            "id": "subnet-0d3a5168ece873627",
                            "ipv6_cidr_block": "",
                            "ipv6_cidr_block_association_id": "",
                            "ipv6_native": "false",
                            "map_customer_owned_ip_on_launch": "false",
                            "map_public_ip_on_launch": "true",
                            "outpost_arn": "",
                            "owner_id": "544474105217",
                            "private_dns_hostname_type_on_launch": "ip-name",
                            "region": "us-east-1",
                            "tags.%": "0",
                            "tags_all.%": "0",
                            "vpc_id": "vpc-0d6abae348aa13541"
                        },
                        "meta": {
                            "schema_version": 1
                        },
                        "tainted": false
                    },
                    "deposed": [],
                    "provider": "provider.aws"
                }
            },
            "depends_on": []
        }
    ]
}
