{
    "version": 3,
    "terraform_version": "0.12.31",
    "serial": 1,
    "lineage": "e7461633-5398-cb9c-7ce4-a8e831ba7442",
    "modules": [
        {
            "path": [
                "root"
            ],
            "outputs": {
                "aws_instance_tfer--i-0353d2dea60f9c1e1__id": {
                    "sensitive": false,
                    "type": "string",
                    "value": "i-0353d2dea60f9c1e1"
                }
            },
            "resources": {
                "aws_instance.tfer--i-0353d2dea60f9c1e1_": {
                    "type": "aws_instance",
                    "depends_on": [],
                    "primary": {
                        "id": "i-0353d2dea60f9c1e1",
                        "attributes": {
                            "ami": "ami-0c02fb55956c7d316",
                            "arn": "arn:aws:ec2:us-east-1:544474105217:instance/i-0353d2dea60f9c1e1",
                            "associate_public_ip_address": "true",
                            "availability_zone": "us-east-1b",
                            "capacity_reservation_specification.#": "1",
                            "capacity_reservation_specification.0.capacity_reservation_preference": "open",
                            "capacity_reservation_specification.0.capacity_reservation_target.#": "0",
                            "cpu_options.#": "1",
                            "cpu_options.0.amd_sev_snp": "",
                            "cpu_options.0.core_count": "1",
                            "cpu_options.0.nested_virtualization": "",
                            "cpu_options.0.threads_per_core": "2",
                            "credit_specification.#": "1",
                            "credit_specification.0.cpu_credits": "unlimited",
                            "disable_api_stop": "false",
                            "disable_api_termination": "false",
                            "ebs_block_device.#": "0",
                            "ebs_optimized": "false",
                            "enclave_options.#": "1",
                            "enclave_options.0.enabled": "false",
                            "ephemeral_block_device.#": "0",
                            "get_password_data": "false",
                            "hibernation": "false",
                            "host_id": "",
                            "iam_instance_profile": "",
                            "id": "i-0353d2dea60f9c1e1",
                            "instance_initiated_shutdown_behavior": "stop",
                            "instance_lifecycle": "",
                            "instance_market_options.#": "0",
                            "instance_state": "running",
                            "instance_type": "t3.micro",
                            "ipv6_address_count": "0",
                            "ipv6_addresses.#": "0",
                            "key_name": "",
                            "launch_template.#": "0",
                            "maintenance_options.#": "1",
                            "maintenance_options.0.auto_recovery": "default",
                            "metadata_options.#": "1",
                            "metadata_options.0.http_endpoint": "enabled",
                            "metadata_options.0.http_protocol_ipv6": "disabled",
                            "metadata_options.0.http_put_response_hop_limit": "1",
                            "metadata_options.0.http_tokens": "optional",
                            "metadata_options.0.instance_metadata_tags": "disabled",
                            "monitoring": "false",
                            "network_interface.#": "0",
                            "outpost_arn": "",
                            "password_data": "",
                            "placement_group": "",
                            "placement_group_id": "",
                            "placement_partition_number": "0",
                            "primary_network_interface.#": "1",
                            "primary_network_interface.0.delete_on_termination": "true",
                            "primary_network_interface.0.network_interface_id": "eni-0a95b3b87c0886ae9",
                            "primary_network_interface_id": "eni-0a95b3b87c0886ae9",
                            "private_dns": "ip-10-0-1-208.ec2.internal",
                            "private_dns_name_options.#": "1",
                            "private_dns_name_options.0.enable_resource_name_dns_a_record": "false",
                            "private_dns_name_options.0.enable_resource_name_dns_aaaa_record": "false",
                            "private_dns_name_options.0.hostname_type": "ip-name",
                            "private_ip": "10.0.1.208",
                            "public_dns": "",
                            "public_ip": "54.210.164.254",
                            "region": "us-east-1",
                            "root_block_device.#": "1",
                            "root_block_device.0.delete_on_termination": "true",
                            "root_block_device.0.device_name": "/dev/xvda",
                            "root_block_device.0.encrypted": "false",
                            "root_block_device.0.iops": "100",
                            "root_block_device.0.kms_key_id": "",
                            "root_block_device.0.tags.%": "0",
                            "root_block_device.0.tags_all.%": "0",
                            "root_block_device.0.throughput": "0",
                            "root_block_device.0.volume_id": "vol-03d6d57bc47871fc0",
                            "root_block_device.0.volume_size": "8",
                            "root_block_device.0.volume_type": "gp2",
                            "secondary_private_ips.#": "0",
                            "security_groups.#": "0",
                            "source_dest_check": "true",
                            "spot_instance_request_id": "",
                            "subnet_id": "subnet-07e44e47643c99518",
                            "tags.%": "0",
                            "tags_all.%": "0",
                            "tenancy": "default",
                            "user_data_base64": "",
                            "vpc_security_group_ids.#": "1",
                            "vpc_security_group_ids.0": "sg-0a7a91f52be219bee"
                        },
                        "meta": {
                            "schema_version": 2
                        },
                        "tainted": false
                    },
                    "deposed": [],
                    "provider": "provider.aws"
                }
            },
            "depends_on": []
        }
    ]
}
