{
    "version": 3,
    "terraform_version": "0.12.31",
    "serial": 1,
    "lineage": "a5d07ff0-e2a5-2882-fd3e-f7ba3f7cd393",
    "modules": [
        {
            "path": [
                "root"
            ],
            "outputs": {
                "aws_internet_gateway_tfer--igw-08b3758623655a0a4_id": {
                    "sensitive": false,
                    "type": "string",
                    "value": "igw-08b3758623655a0a4"
                },
                "aws_internet_gateway_tfer--igw-0eaf698dea923f44f_id": {
                    "sensitive": false,
                    "type": "string",
                    "value": "igw-0eaf698dea923f44f"
                }
            },
            "resources": {
                "aws_internet_gateway.tfer--igw-08b3758623655a0a4": {
                    "type": "aws_internet_gateway",
                    "depends_on": [],
                    "primary": {
                        "id": "igw-08b3758623655a0a4",
                        "attributes": {
                            "arn": "arn:aws:ec2:us-east-1:544474105217:internet-gateway/igw-08b3758623655a0a4",
                            "id": "igw-08b3758623655a0a4",
                            "owner_id": "544474105217",
                            "region": "us-east-1",
                            "tags.%": "0",
                            "tags_all.%": "0",
                            "vpc_id": "vpc-0d6abae348aa13541"
                        },
                        "meta": {
                            "schema_version": 0
                        },
                        "tainted": false
                    },
                    "deposed": [],
                    "provider": "provider.aws"
                },
                "aws_internet_gateway.tfer--igw-0eaf698dea923f44f": {
                    "type": "aws_internet_gateway",
                    "depends_on": [],
                    "primary": {
                        "id": "igw-0eaf698dea923f44f",
                        "attributes": {
                            "arn": "arn:aws:ec2:us-east-1:544474105217:internet-gateway/igw-0eaf698dea923f44f",
                            "id": "igw-0eaf698dea923f44f",
                            "owner_id": "544474105217",
                            "region": "us-east-1",
                            "tags.%": "0",
                            "tags_all.%": "0",
                            "vpc_id": "vpc-0b530d7af19ffa635"
                        },
                        "meta": {
                            "schema_version": 0
                        },
                        "tainted": false
                    },
                    "deposed": [],
                    "provider": "provider.aws"
                }
            },
            "depends_on": []
        }
    ]
}
