{
    "version": 3,
    "terraform_version": "0.12.31",
    "serial": 1,
    "lineage": "0cc1fec9-640e-5ccb-9fba-25793f7dd78e",
    "modules": [
        {
            "path": [
                "root"
            ],
            "outputs": {
                "aws_vpc_tfer--vpc-0b530d7af19ffa635_id": {
                    "sensitive": false,
                    "type": "string",
                    "value": "vpc-0b530d7af19ffa635"
                },
                "aws_vpc_tfer--vpc-0d6abae348aa13541_id": {
                    "sensitive": false,
                    "type": "string",
                    "value": "vpc-0d6abae348aa13541"
                }
            },
            "resources": {
                "aws_vpc.tfer--vpc-0b530d7af19ffa635": {
                    "type": "aws_vpc",
                    "depends_on": [],
                    "primary": {
                        "id": "vpc-0b530d7af19ffa635",
                        "attributes": {
                            "arn": "arn:aws:ec2:us-east-1:544474105217:vpc/vpc-0b530d7af19ffa635",
                            "assign_generated_ipv6_cidr_block": "false",
                            "cidr_block": "10.0.0.0/16",
                            "default_network_acl_id": "acl-0cac3687df9b649ff",
                            "default_route_table_id": "rtb-0cf7df25944612352",
                            "default_security_group_id": "sg-0a7a91f52be219bee",
                            "dhcp_options_id": "dopt-0c799b149c1468a1c",
                            "enable_dns_hostnames": "false",
                            "enable_dns_support": "true",
                            "enable_network_address_usage_metrics": "false",
                            "id": "vpc-0b530d7af19ffa635",
                            "instance_tenancy": "default",
                            "ipv6_association_id": "",
                            "ipv6_cidr_block": "",
                            "ipv6_cidr_block_network_border_group": "",
                            "ipv6_ipam_pool_id": "",
                            "ipv6_netmask_length": "0",
                            "main_route_table_id": "rtb-0cf7df25944612352",
                            "owner_id": "544474105217",
                            "region": "us-east-1",
                            "tags.%": "0",
                            "tags_all.%": "0"
                        },
                        "meta": {
                            "schema_version": 1
                        },
                        "tainted": false
                    },
                    "deposed": [],
                    "provider": "provider.aws"
                },
                "aws_vpc.tfer--vpc-0d6abae348aa13541": {
                    "type": "aws_vpc",
                    "depends_on": [],
                    "primary": {
                        "id": "vpc-0d6abae348aa13541",
                        "attributes": {
                            "arn": "arn:aws:ec2:us-east-1:544474105217:vpc/vpc-0d6abae348aa13541",
                            "assign_generated_ipv6_cidr_block": "false",
                            "cidr_block": "172.31.0.0/16",
                            "default_network_acl_id": "acl-0fe3acda7a9da802c",
                            "default_route_table_id": "rtb-0d734a28e2bceec7a",
                            "default_security_group_id": "sg-096e49e9e7059bb8f",
                            "dhcp_options_id": "dopt-0c799b149c1468a1c",
                            "enable_dns_hostnames": "true",
                            "enable_dns_support": "true",
                            "enable_network_address_usage_metrics": "false",
                            "id": "vpc-0d6abae348aa13541",
                            "instance_tenancy": "default",
                            "ipv6_association_id": "",
                            "ipv6_cidr_block": "",
                            "ipv6_cidr_block_network_border_group": "",
                            "ipv6_ipam_pool_id": "",
                            "ipv6_netmask_length": "0",
                            "main_route_table_id": "rtb-0d734a28e2bceec7a",
                            "owner_id": "544474105217",
                            "region": "us-east-1",
                            "tags.%": "0",
                            "tags_all.%": "0"
                        },
                        "meta": {
                            "schema_version": 1
                        },
                        "tainted": false
                    },
                    "deposed": [],
                    "provider": "provider.aws"
                }
            },
            "depends_on": []
        }
    ]
}
